
Microsoft Visual Studio Solution File, Format Version 12.00
# Visual Studio Version 17
VisualStudioVersion = 17.0.31903.59
MinimumVisualStudioVersion = 10.0.40219.1
Project("{FAE04EC0-301F-11D3-BF4B-00C04F79EFBC}") = "FigurasGeometricas", "FigurasGeometricas\FigurasGeometricas.csproj", "{AF34E83A-8F7B-4BE7-BD57-7237193BA392}"
EndProject
Global
	GlobalSection(SolutionConfigurationPlatforms) = preSolution
		Debug|Any CPU = Debug|Any CPU
		Release|Any CPU = Release|Any CPU
	EndGlobalSection
	GlobalSection(SolutionProperties) = preSolution
		HideSolutionNode = FALSE
	EndGlobalSection
	GlobalSection(ProjectConfigurationPlatforms) = postSolution
		{AF34E83A-8F7B-4BE7-BD57-7237193BA392}.Debug|Any CPU.ActiveCfg = Debug|Any CPU
		{AF34E83A-8F7B-4BE7-BD57-7237193BA392}.Debug|Any CPU.Build.0 = Debug|Any CPU
		{AF34E83A-8F7B-4BE7-BD57-7237193BA392}.Release|Any CPU.ActiveCfg = Release|Any CPU
		{AF34E83A-8F7B-4BE7-BD57-7237193BA392}.Release|Any CPU.Build.0 = Release|Any CPU
	EndGlobalSection
EndGlobal
